
Microsoft Visual Studio Solution File, Format Version 12.00
# Visual Studio Version 17
VisualStudioVersion = 17.6.33723.286
MinimumVisualStudioVersion = 10.0.40219.1
Project("{FAE04EC0-301F-11D3-BF4B-00C04F79EFBC}") = "VideoProcessingService", "VideoProcessingService.csproj", "{F733EC4B-986D-4A2D-9FC2-F9D801FD08DA}"
EndProject
Global
	GlobalSection(SolutionConfigurationPlatforms) = preSolution
		Debug|Any CPU = Debug|Any CPU
		Release|Any CPU = Release|Any CPU
	EndGlobalSection
	GlobalSection(ProjectConfigurationPlatforms) = postSolution
		{F733EC4B-986D-4A2D-9FC2-F9D801FD08DA}.Debug|Any CPU.ActiveCfg = Debug|Any CPU
		{F733EC4B-986D-4A2D-9FC2-F9D801FD08DA}.Debug|Any CPU.Build.0 = Debug|Any CPU
		{F733EC4B-986D-4A2D-9FC2-F9D801FD08DA}.Release|Any CPU.ActiveCfg = Release|Any CPU
		{F733EC4B-986D-4A2D-9FC2-F9D801FD08DA}.Release|Any CPU.Build.0 = Release|Any CPU
	EndGlobalSection
	GlobalSection(SolutionProperties) = preSolution
		HideSolutionNode = FALSE
	EndGlobalSection
	GlobalSection(ExtensibilityGlobals) = postSolution
		SolutionGuid = {B598BCD7-792C-4934-B058-2554202FD1EE}
	EndGlobalSection
EndGlobal
